
Microsoft Visual Studio Solution File, Format Version 12.00
# Visual Studio Version 17
VisualStudioVersion = 17.0.32014.148
MinimumVisualStudioVersion = 10.0.40219.1
Project("{9A19103F-16F7-4668-BE54-9A1E7A4F7556}") = "GreetingService.API", "GreetingService.API\GreetingService.API.csproj", "{0820B0FF-17DD-44BE-84C6-B1D5EA6D9EAE}"
EndProject
Project("{FAE04EC0-301F-11D3-BF4B-00C04F79EFBC}") = "GreetingService.Core", "GreetingService.Core\GreetingService.Core.csproj", "{CD0620DC-4B12-4051-920A-680B38690674}"
EndProject
Project("{FAE04EC0-301F-11D3-BF4B-00C04F79EFBC}") = "GreetingService.Infrastructure", "GreetingService.Infrastructure\GreetingService.Infrastructure.csproj", "{15865F8B-4963-4B8B-9204-7582F5EE38AE}"
EndProject
Project("{FAE04EC0-301F-11D3-BF4B-00C04F79EFBC}") = "GreetingService.API.Client", "reetingService.API.Client\GreetingService.API.Client.csproj", "{C9718BAB-1AAF-466A-9DE5-EEE96BB87494}"
EndProject
Project("{FAE04EC0-301F-11D3-BF4B-00C04F79EFBC}") = "GreetingService.Infrastructure.Test", "GreetingService.Infrastructure.Test\GreetingService.Infrastructure.Test.csproj", "{CBCA9748-A226-4841-B2C1-9A7704E17246}"
EndProject
Global
	GlobalSection(SolutionConfigurationPlatforms) = preSolution
		Debug|Any CPU = Debug|Any CPU
		Release|Any CPU = Release|Any CPU
	EndGlobalSection
	GlobalSection(ProjectConfigurationPlatforms) = postSolution
		{0820B0FF-17DD-44BE-84C6-B1D5EA6D9EAE}.Debug|Any CPU.ActiveCfg = Debug|Any CPU
		{0820B0FF-17DD-44BE-84C6-B1D5EA6D9EAE}.Debug|Any CPU.Build.0 = Debug|Any CPU
		{0820B0FF-17DD-44BE-84C6-B1D5EA6D9EAE}.Release|Any CPU.ActiveCfg = Release|Any CPU
		{0820B0FF-17DD-44BE-84C6-B1D5EA6D9EAE}.Release|Any CPU.Build.0 = Release|Any CPU
		{CD0620DC-4B12-4051-920A-680B38690674}.Debug|Any CPU.ActiveCfg = Debug|Any CPU
		{CD0620DC-4B12-4051-920A-680B38690674}.Debug|Any CPU.Build.0 = Debug|Any CPU
		{CD0620DC-4B12-4051-920A-680B38690674}.Release|Any CPU.ActiveCfg = Release|Any CPU
		{CD0620DC-4B12-4051-920A-680B38690674}.Release|Any CPU.Build.0 = Release|Any CPU
		{15865F8B-4963-4B8B-9204-7582F5EE38AE}.Debug|Any CPU.ActiveCfg = Debug|Any CPU
		{15865F8B-4963-4B8B-9204-7582F5EE38AE}.Debug|Any CPU.Build.0 = Debug|Any CPU
		{15865F8B-4963-4B8B-9204-7582F5EE38AE}.Release|Any CPU.ActiveCfg = Release|Any CPU
		{15865F8B-4963-4B8B-9204-7582F5EE38AE}.Release|Any CPU.Build.0 = Release|Any CPU
		{C9718BAB-1AAF-466A-9DE5-EEE96BB87494}.Debug|Any CPU.ActiveCfg = Debug|Any CPU
		{C9718BAB-1AAF-466A-9DE5-EEE96BB87494}.Debug|Any CPU.Build.0 = Debug|Any CPU
		{C9718BAB-1AAF-466A-9DE5-EEE96BB87494}.Release|Any CPU.ActiveCfg = Release|Any CPU
		{C9718BAB-1AAF-466A-9DE5-EEE96BB87494}.Release|Any CPU.Build.0 = Release|Any CPU
		{CBCA9748-A226-4841-B2C1-9A7704E17246}.Debug|Any CPU.ActiveCfg = Debug|Any CPU
		{CBCA9748-A226-4841-B2C1-9A7704E17246}.Debug|Any CPU.Build.0 = Debug|Any CPU
		{CBCA9748-A226-4841-B2C1-9A7704E17246}.Release|Any CPU.ActiveCfg = Release|Any CPU
		{CBCA9748-A226-4841-B2C1-9A7704E17246}.Release|Any CPU.Build.0 = Release|Any CPU
	EndGlobalSection
	GlobalSection(SolutionProperties) = preSolution
		HideSolutionNode = FALSE
	EndGlobalSection
	GlobalSection(ExtensibilityGlobals) = postSolution
		SolutionGuid = {1C04191E-9EAD-4D6F-BC9D-CE3A67CBB3D5}
	EndGlobalSection
EndGlobal
